{
  "name": "node-js-getting-started",
  "version": "0.2.5",
  "lockfileVersion": 1,
  "requires": true,
  "dependencies": {
    "accepts": {
      "version": "1.2.13",
      "resolved": "https://registry.npmjs.org/accepts/-/accepts-1.2.13.tgz",
      "integrity": "sha1-5fHzkoxtlf2WVYw27D2dDeSm7Oo=",
      "requires": {
        "mime-types": "~2.1.6",
        "negotiator": "0.5.3"
      }
    },
    "ap": {
      "version": "0.2.0",
      "resolved": "https://registry.npmjs.org/ap/-/ap-0.2.0.tgz",
      "integrity": "sha1-rglCYAspkS8NKxTsYMRejzMLYRA="
    },
    "array-flatten": {
      "version": "1.1.1",
      "resolved": "https://registry.npmjs.org/array-flatten/-/array-flatten-1.1.1.tgz",
      "integrity": "sha1-ml9pkFGx5wczKPKgCJaLZOopVdI="
    },
    "bcrypt-nodejs": {
      "version": "0.0.3",
      "resolved": "https://registry.npmjs.org/bcrypt-nodejs/-/bcrypt-nodejs-0.0.3.tgz",
      "integrity": "sha1-xgkX8m3CNWYVZsaBBhwwPCsohCs="
    },
    "bcryptjs": {
      "version": "2.4.3",
      "resolved": "https://registry.npmjs.org/bcryptjs/-/bcryptjs-2.4.3.tgz",
      "integrity": "sha1-mrVie5PmBiH/fNrF2pczAn3x0Ms="
    },
    "bluebird": {
      "version": "3.5.0",
      "resolved": "https://registry.npmjs.org/bluebird/-/bluebird-3.5.0.tgz",
      "integrity": "sha1-eRQg1/VR7qKJdFOop3ZT+WYG1nw="
    },
    "body-parser": {
      "version": "1.0.2",
      "resolved": "https://registry.npmjs.org/body-parser/-/body-parser-1.0.2.tgz",
      "integrity": "sha1-NGFHmjJ4/gD8rr7DMUu1T8T3tHw=",
      "requires": {
        "qs": "~0.6.6",
        "raw-body": "~1.1.2",
        "type-is": "~1.1.0"
      },
      "dependencies": {
        "qs": {
          "version": "0.6.6",
          "resolved": "https://registry.npmjs.org/qs/-/qs-0.6.6.tgz",
          "integrity": "sha1-bgFQmP9RlouKPIGQAdXyyJvEsQc="
        },
        "raw-body": {
          "version": "1.1.7",
          "resolved": "https://registry.npmjs.org/raw-body/-/raw-body-1.1.7.tgz",
          "integrity": "sha1-HQJ8K/oRasxmI7yo8AAWVyqH1CU=",
          "requires": {
            "bytes": "1",
            "string_decoder": "0.10"
          },
          "dependencies": {
            "bytes": {
              "version": "1.0.0",
              "resolved": "https://registry.npmjs.org/bytes/-/bytes-1.0.0.tgz",
              "integrity": "sha1-NWnt6Lo0MV+rmcPpLLBMciDeH6g="
            },
            "string_decoder": {
              "version": "0.10.31",
              "resolved": "https://registry.npmjs.org/string_decoder/-/string_decoder-0.10.31.tgz",
              "integrity": "sha1-YuIDvEF2bGwoyfyEMB2rHFMQ+pQ="
            }
          }
        },
        "type-is": {
          "version": "1.1.0",
          "resolved": "https://registry.npmjs.org/type-is/-/type-is-1.1.0.tgz",
          "integrity": "sha1-0CReyLJnZmjVndDPMlUGBnalfbY=",
          "requires": {
            "mime": "~1.2.11"
          },
          "dependencies": {
            "mime": {
              "version": "1.2.11",
              "resolved": "https://registry.npmjs.org/mime/-/mime-1.2.11.tgz",
              "integrity": "sha1-WCA+7Ybjpe8XrtK32evUfwpg3RA="
            }
          }
        }
      }
    },
    "buffer-writer": {
      "version": "1.0.1",
      "resolved": "https://registry.npmjs.org/buffer-writer/-/buffer-writer-1.0.1.tgz",
      "integrity": "sha1-Iqk2kB4wKa/NdUfrRIfOtpejvwg="
    },
    "connect-flash": {
      "version": "0.1.1",
      "resolved": "https://registry.npmjs.org/connect-flash/-/connect-flash-0.1.1.tgz",
      "integrity": "sha1-2GMPJtlaf4UfmVax6MxnMvO2qjA="
    },
    "content-disposition": {
      "version": "0.5.0",
      "resolved": "https://registry.npmjs.org/content-disposition/-/content-disposition-0.5.0.tgz",
      "integrity": "sha1-QoT+auBjCHRjnkToCkGMKTQTXp4="
    },
    "content-type": {
      "version": "1.0.2",
      "resolved": "https://registry.npmjs.org/content-type/-/content-type-1.0.2.tgz",
      "integrity": "sha1-t9ETrueo3Se9IRM8TcJSnfFyHu0="
    },
    "cookie": {
      "version": "0.1.3",
      "resolved": "https://registry.npmjs.org/cookie/-/cookie-0.1.3.tgz",
      "integrity": "sha1-5zSlwUF/zkctWu+Cw4HKu2TRpDU="
    },
    "cookie-parser": {
      "version": "1.0.1",
      "resolved": "https://registry.npmjs.org/cookie-parser/-/cookie-parser-1.0.1.tgz",
      "integrity": "sha1-F71iLJcXzQhYqRKp/vTANiNgp7A=",
      "requires": {
        "cookie": "0.1.0",
        "cookie-signature": "1.0.3"
      },
      "dependencies": {
        "cookie": {
          "version": "0.1.0",
          "resolved": "https://registry.npmjs.org/cookie/-/cookie-0.1.0.tgz",
          "integrity": "sha1-kOtGndzpBchm3mh+/EMTHYgB+dA="
        },
        "cookie-signature": {
          "version": "1.0.3",
          "resolved": "https://registry.npmjs.org/cookie-signature/-/cookie-signature-1.0.3.tgz",
          "integrity": "sha1-kc2ZfMUftkFZVzjGnNoCAyj1D/k="
        }
      }
    },
    "cookie-signature": {
      "version": "1.0.6",
      "resolved": "https://registry.npmjs.org/cookie-signature/-/cookie-signature-1.0.6.tgz",
      "integrity": "sha1-4wOogrNCzD7oylE6eZmXNNqzriw="
    },
    "cross-env": {
      "version": "3.2.3",
      "resolved": "https://registry.npmjs.org/cross-env/-/cross-env-3.2.3.tgz",
      "integrity": "sha1-pDoHmbjsQi0Cebgpzo188tprF6w=",
      "requires": {
        "cross-spawn": "^5.1.0",
        "is-windows": "^1.0.0"
      }
    },
    "cross-spawn": {
      "version": "5.1.0",
      "resolved": "https://registry.npmjs.org/cross-spawn/-/cross-spawn-5.1.0.tgz",
      "integrity": "sha1-6L0O/uWPz/b4+UUQoKVUu/ojVEk=",
      "requires": {
        "lru-cache": "^4.0.1",
        "shebang-command": "^1.2.0",
        "which": "^1.2.9"
      }
    },
    "debug": {
      "version": "2.2.0",
      "resolved": "https://registry.npmjs.org/debug/-/debug-2.2.0.tgz",
      "integrity": "sha1-+HBX6ZWxofauaklgZkE3vFbwOdo=",
      "requires": {
        "ms": "0.7.1"
      }
    },
    "depd": {
      "version": "1.0.1",
      "resolved": "https://registry.npmjs.org/depd/-/depd-1.0.1.tgz",
      "integrity": "sha1-gK7GTJ1tl+ZcwqnKqTwKpqv3Oqo="
    },
    "destroy": {
      "version": "1.0.3",
      "resolved": "https://registry.npmjs.org/destroy/-/destroy-1.0.3.tgz",
      "integrity": "sha1-tDO0ck5x/YVR2YhRdIUcX8N34sk="
    },
    "dottie": {
      "version": "1.1.1",
      "resolved": "https://registry.npmjs.org/dottie/-/dottie-1.1.1.tgz",
      "integrity": "sha1-RcKj9IvWUo7u0memmoSOqspvqmo="
    },
    "ee-first": {
      "version": "1.1.1",
      "resolved": "https://registry.npmjs.org/ee-first/-/ee-first-1.1.1.tgz",
      "integrity": "sha1-WQxhFWsK4vTwJVcyoViyZrxWsh0="
    },
    "ejs": {
      "version": "2.5.5",
      "resolved": "https://registry.npmjs.org/ejs/-/ejs-2.5.5.tgz",
      "integrity": "sha1-bvTpVOp9z1T2aq0v56pCGTLZ7Xc="
    },
    "escape-html": {
      "version": "1.0.2",
      "resolved": "https://registry.npmjs.org/escape-html/-/escape-html-1.0.2.tgz",
      "integrity": "sha1-130y+pjjjC9BroXpJ44ODmuhAiw="
    },
    "etag": {
      "version": "1.7.0",
      "resolved": "https://registry.npmjs.org/etag/-/etag-1.7.0.tgz",
      "integrity": "sha1-A9MLX2fdbmMtKUXTDWZScxo01dg="
    },
    "express": {
      "version": "4.13.3",
      "resolved": "https://registry.npmjs.org/express/-/express-4.13.3.tgz",
      "integrity": "sha1-3bLx+0UCvzNZjSsDKwN5YMpsgKM=",
      "requires": {
        "accepts": "~1.2.12",
        "array-flatten": "1.1.1",
        "content-disposition": "0.5.0",
        "content-type": "~1.0.1",
        "cookie": "0.1.3",
        "cookie-signature": "1.0.6",
        "debug": "~2.2.0",
        "depd": "~1.0.1",
        "escape-html": "1.0.2",
        "etag": "~1.7.0",
        "finalhandler": "0.4.0",
        "fresh": "0.3.0",
        "merge-descriptors": "1.0.0",
        "methods": "~1.1.1",
        "on-finished": "~2.3.0",
        "parseurl": "~1.3.0",
        "path-to-regexp": "0.1.7",
        "proxy-addr": "~1.0.8",
        "qs": "4.0.0",
        "range-parser": "~1.0.2",
        "send": "0.13.0",
        "serve-static": "~1.10.0",
        "type-is": "~1.6.6",
        "utils-merge": "1.0.0",
        "vary": "~1.0.1"
      }
    },
    "express-session": {
      "version": "1.0.4",
      "resolved": "https://registry.npmjs.org/express-session/-/express-session-1.0.4.tgz",
      "integrity": "sha1-oQBFrz8kaTycGbGRShHQyrj3sps=",
      "requires": {
        "buffer-crc32": "0.2.1",
        "cookie": "0.1.2",
        "cookie-signature": "1.0.3",
        "debug": "0.8.1",
        "uid2": "0.0.3",
        "utils-merge": "1.0.0"
      },
      "dependencies": {
        "buffer-crc32": {
          "version": "0.2.1",
          "resolved": "https://registry.npmjs.org/buffer-crc32/-/buffer-crc32-0.2.1.tgz",
          "integrity": "sha1-vj5TgvwCttYySVasGvmKqYsIU0w="
        },
        "cookie": {
          "version": "0.1.2",
          "resolved": "https://registry.npmjs.org/cookie/-/cookie-0.1.2.tgz",
          "integrity": "sha1-cv7D0k5Io0Mgc9kMEmQgBQYQBLE="
        },
        "cookie-signature": {
          "version": "1.0.3",
          "resolved": "https://registry.npmjs.org/cookie-signature/-/cookie-signature-1.0.3.tgz",
          "integrity": "sha1-kc2ZfMUftkFZVzjGnNoCAyj1D/k="
        },
        "debug": {
          "version": "0.8.1",
          "resolved": "https://registry.npmjs.org/debug/-/debug-0.8.1.tgz",
          "integrity": "sha1-IP9NJvXkIstoobrLu2EDmtjBwTA="
        },
        "uid2": {
          "version": "0.0.3",
          "resolved": "https://registry.npmjs.org/uid2/-/uid2-0.0.3.tgz",
          "integrity": "sha1-SDEm4Rd03y9xuLY53NeZw3YWK4I="
        }
      }
    },
    "finalhandler": {
      "version": "0.4.0",
      "resolved": "https://registry.npmjs.org/finalhandler/-/finalhandler-0.4.0.tgz",
      "integrity": "sha1-llpS2ejQXSuFdUhUH7ibU6JJfZs=",
      "requires": {
        "debug": "~2.2.0",
        "escape-html": "1.0.2",
        "on-finished": "~2.3.0",
        "unpipe": "~1.0.0"
      }
    },
    "forwarded": {
      "version": "0.1.0",
      "resolved": "https://registry.npmjs.org/forwarded/-/forwarded-0.1.0.tgz",
      "integrity": "sha1-Ge+YdMSuHCl7zweP3mOgm2aoQ2M="
    },
    "fresh": {
      "version": "0.3.0",
      "resolved": "https://registry.npmjs.org/fresh/-/fresh-0.3.0.tgz",
      "integrity": "sha1-ZR+DjiJCTnVm3hYdg1jKoZn4PU8="
    },
    "generic-pool": {
      "version": "2.4.2",
      "resolved": "https://registry.npmjs.org/generic-pool/-/generic-pool-2.4.2.tgz",
      "integrity": "sha1-iGvFvwvrfblugby7oHiBjeWmJoM="
    },
    "http-errors": {
      "version": "1.3.1",
      "resolved": "https://registry.npmjs.org/http-errors/-/http-errors-1.3.1.tgz",
      "integrity": "sha1-GX4izevUGYWF6GlO9nhhl7ke2UI=",
      "requires": {
        "inherits": "~2.0.1",
        "statuses": "1"
      }
    },
    "inflection": {
      "version": "1.12.0",
      "resolved": "https://registry.npmjs.org/inflection/-/inflection-1.12.0.tgz",
      "integrity": "sha1-ogCTVlbW9fa8TcdQLhrstwMihBY="
    },
    "inherits": {
      "version": "2.0.3",
      "resolved": "https://registry.npmjs.org/inherits/-/inherits-2.0.3.tgz",
      "integrity": "sha1-Yzwsg+PaQqUC9SRmAiSA9CCCYd4="
    },
    "ipaddr.js": {
      "version": "1.0.5",
      "resolved": "https://registry.npmjs.org/ipaddr.js/-/ipaddr.js-1.0.5.tgz",
      "integrity": "sha1-X6eM8wG4JceKvDBC2BJyMEnqI8c="
    },
    "is-windows": {
      "version": "1.0.0",
      "resolved": "https://registry.npmjs.org/is-windows/-/is-windows-1.0.0.tgz",
      "integrity": "sha1-xh1hAgw+vpkmG3gb09FiI5X1R/g="
    },
    "isexe": {
      "version": "1.1.2",
      "resolved": "https://registry.npmjs.org/isexe/-/isexe-1.1.2.tgz",
      "integrity": "sha1-NvPiLmB1CSD15yQaR2qMakInWtA="
    },
    "lodash": {
      "version": "4.12.0",
      "resolved": "https://registry.npmjs.org/lodash/-/lodash-4.12.0.tgz",
      "integrity": "sha1-K9bcRqBA9Z5obJcu0h2T3FkFMlg="
    },
    "lru-cache": {
      "version": "4.0.2",
      "resolved": "https://registry.npmjs.org/lru-cache/-/lru-cache-4.0.2.tgz",
      "integrity": "sha1-HRdnnAac2l0ECZGgnbwsDbN35V4=",
      "requires": {
        "pseudomap": "^1.0.1",
        "yallist": "^2.0.0"
      }
    },
    "media-typer": {
      "version": "0.3.0",
      "resolved": "https://registry.npmjs.org/media-typer/-/media-typer-0.3.0.tgz",
      "integrity": "sha1-hxDXrwqmJvj/+hzgAWhUUmMlV0g="
    },
    "merge-descriptors": {
      "version": "1.0.0",
      "resolved": "https://registry.npmjs.org/merge-descriptors/-/merge-descriptors-1.0.0.tgz",
      "integrity": "sha1-IWnPdTjhsMyH+4jhUC2EdLv3mGQ="
    },
    "methods": {
      "version": "1.1.2",
      "resolved": "https://registry.npmjs.org/methods/-/methods-1.1.2.tgz",
      "integrity": "sha1-VSmk1nZUE07cxSZmVoNbD4Ua/O4="
    },
    "mime": {
      "version": "1.3.4",
      "resolved": "https://registry.npmjs.org/mime/-/mime-1.3.4.tgz",
      "integrity": "sha1-EV+eO2s9rylZmDyzjxSaLUDrXVM="
    },
    "mime-db": {
      "version": "1.24.0",
      "resolved": "https://registry.npmjs.org/mime-db/-/mime-db-1.24.0.tgz",
      "integrity": "sha1-4tE/k58AFsbk6a0lqGUvEmxGfww="
    },
    "mime-types": {
      "version": "2.1.12",
      "resolved": "https://registry.npmjs.org/mime-types/-/mime-types-2.1.12.tgz",
      "integrity": "sha1-FSuiVndwIN1GY/VMLnvCY4HnFyk=",
      "requires": {
        "mime-db": "~1.24.0"
      }
    },
    "moment": {
      "version": "2.17.1",
      "resolved": "https://registry.npmjs.org/moment/-/moment-2.17.1.tgz",
      "integrity": "sha1-/tlQYGPzaxDwZsi1mhRNf66+HYI="
    },
    "moment-timezone": {
      "version": "0.5.11",
      "resolved": "https://registry.npmjs.org/moment-timezone/-/moment-timezone-0.5.11.tgz",
      "integrity": "sha1-m3bAPY71FMfkJJp7vOZJ7tOe8p8=",
      "requires": {
        "moment": ">= 2.6.0"
      }
    },
    "ms": {
      "version": "0.7.1",
      "resolved": "https://registry.npmjs.org/ms/-/ms-0.7.1.tgz",
      "integrity": "sha1-nNE8A62/8ltl7/3nzoZO6VIBcJg="
    },
    "negotiator": {
      "version": "0.5.3",
      "resolved": "https://registry.npmjs.org/negotiator/-/negotiator-0.5.3.tgz",
      "integrity": "sha1-Jp1cR2gQ7JLtvntsLygxY4T5p+g="
    },
    "on-finished": {
      "version": "2.3.0",
      "resolved": "https://registry.npmjs.org/on-finished/-/on-finished-2.3.0.tgz",
      "integrity": "sha1-IPEzZIGwg811M3mSoWlxqi2QaUc=",
      "requires": {
        "ee-first": "1.1.1"
      }
    },
    "packet-reader": {
      "version": "0.2.0",
      "resolved": "https://registry.npmjs.org/packet-reader/-/packet-reader-0.2.0.tgz",
      "integrity": "sha1-gZ300BC4LV6lZx+KGjrPA5vNdwA="
    },
    "parseurl": {
      "version": "1.3.1",
      "resolved": "https://registry.npmjs.org/parseurl/-/parseurl-1.3.1.tgz",
      "integrity": "sha1-yKuMkiO6NIiKpkopeyiFO+wY2lY="
    },
    "passport": {
      "version": "0.1.18",
      "resolved": "https://registry.npmjs.org/passport/-/passport-0.1.18.tgz",
      "integrity": "sha1-yCZEedy2QUytu2Z1LRKzfgtlJaE=",
      "requires": {
        "pause": "0.0.1",
        "pkginfo": "0.2.x"
      },
      "dependencies": {
        "pause": {
          "version": "0.0.1",
          "resolved": "https://registry.npmjs.org/pause/-/pause-0.0.1.tgz",
          "integrity": "sha1-HUCLP9t2kjuVQ9lvtMnf1TXZy10="
        },
        "pkginfo": {
          "version": "0.2.3",
          "resolved": "https://registry.npmjs.org/pkginfo/-/pkginfo-0.2.3.tgz",
          "integrity": "sha1-cjnEKl72wwuPMoQ52bn/cQQkkPg="
        }
      }
    },
    "passport-local": {
      "version": "0.1.6",
      "resolved": "https://registry.npmjs.org/passport-local/-/passport-local-0.1.6.tgz",
      "integrity": "sha1-+wz4KASNuTG2fRmYXHqgbdN3qds=",
      "requires": {
        "passport": "~0.1.1",
        "pkginfo": "0.2.x"
      },
      "dependencies": {
        "pkginfo": {
          "version": "0.2.3",
          "resolved": "https://registry.npmjs.org/pkginfo/-/pkginfo-0.2.3.tgz",
          "integrity": "sha1-cjnEKl72wwuPMoQ52bn/cQQkkPg="
        }
      }
    },
    "path-to-regexp": {
      "version": "0.1.7",
      "resolved": "https://registry.npmjs.org/path-to-regexp/-/path-to-regexp-0.1.7.tgz",
      "integrity": "sha1-32BBeABfUi8V60SQ5yR6G/qmf4w="
    },
    "pg": {
      "version": "4.5.6",
      "resolved": "https://registry.npmjs.org/pg/-/pg-4.5.6.tgz",
      "integrity": "sha1-od5IeK+lyyCKJYFfX/idLg6/Uvg=",
      "requires": {
        "buffer-writer": "1.0.1",
        "generic-pool": "2.4.2",
        "packet-reader": "0.2.0",
        "pg-connection-string": "0.1.3",
        "pg-types": "1.*",
        "pgpass": "0.0.3",
        "semver": "^4.1.0"
      }
    },
    "pg-connection-string": {
      "version": "0.1.3",
      "resolved": "https://registry.npmjs.org/pg-connection-string/-/pg-connection-string-0.1.3.tgz",
      "integrity": "sha1-2hhHsglA5C7hSSvq9l1J2RskXfc="
    },
    "pg-types": {
      "version": "1.11.0",
      "resolved": "https://registry.npmjs.org/pg-types/-/pg-types-1.11.0.tgz",
      "integrity": "sha1-qukagtlStjO7iNAGNQoWbar26pA=",
      "requires": {
        "ap": "~0.2.0",
        "postgres-array": "~1.0.0",
        "postgres-bytea": "~1.0.0",
        "postgres-date": "~1.0.0",
        "postgres-interval": "~1.0.0"
      }
    },
    "pgpass": {
      "version": "0.0.3",
      "resolved": "https://registry.npmjs.org/pgpass/-/pgpass-0.0.3.tgz",
      "integrity": "sha1-EuZ+NDsxicLzEgbrycwL7//PkUA=",
      "requires": {
        "split": "~0.3"
      }
    },
    "postgres-array": {
      "version": "1.0.0",
      "resolved": "https://registry.npmjs.org/postgres-array/-/postgres-array-1.0.0.tgz",
      "integrity": "sha1-SMLoKTWxeL+AXg3/aJ0Tfuwr/ms="
    },
    "postgres-bytea": {
      "version": "1.0.0",
      "resolved": "https://registry.npmjs.org/postgres-bytea/-/postgres-bytea-1.0.0.tgz",
      "integrity": "sha1-AntTPAqokOJtFy1Hz5zOzFIazTU="
    },
    "postgres-date": {
      "version": "1.0.3",
      "resolved": "https://registry.npmjs.org/postgres-date/-/postgres-date-1.0.3.tgz",
      "integrity": "sha1-4tiXAu/bJY/52c7g/pG9BpdSV6g="
    },
    "postgres-interval": {
      "version": "1.0.2",
      "resolved": "https://registry.npmjs.org/postgres-interval/-/postgres-interval-1.0.2.tgz",
      "integrity": "sha1-cmFDjYYrQSkhxv23YXZoQktzpu0=",
      "requires": {
        "xtend": "^4.0.0"
      }
    },
    "proxy-addr": {
      "version": "1.0.10",
      "resolved": "https://registry.npmjs.org/proxy-addr/-/proxy-addr-1.0.10.tgz",
      "integrity": "sha1-DUCoL4Afw1VWfS7LZe/j8HfxIcU=",
      "requires": {
        "forwarded": "~0.1.0",
        "ipaddr.js": "1.0.5"
      }
    },
    "pseudomap": {
      "version": "1.0.2",
      "resolved": "https://registry.npmjs.org/pseudomap/-/pseudomap-1.0.2.tgz",
      "integrity": "sha1-8FKijacOYYkX7wqKw0wa5aaChrM="
    },
    "qs": {
      "version": "4.0.0",
      "resolved": "https://registry.npmjs.org/qs/-/qs-4.0.0.tgz",
      "integrity": "sha1-wx2bdOwn33XlQ6hseHKO2NRiNgc="
    },
    "range-parser": {
      "version": "1.0.3",
      "resolved": "https://registry.npmjs.org/range-parser/-/range-parser-1.0.3.tgz",
      "integrity": "sha1-aHKCNTXGkuLCoBA4Jq/YLC4P8XU="
    },
    "retry-as-promised": {
      "version": "2.2.0",
      "resolved": "https://registry.npmjs.org/retry-as-promised/-/retry-as-promised-2.2.0.tgz",
      "integrity": "sha1-sEY9f9PPWy/tZFAKtui4pJxbjmw=",
      "requires": {
        "bluebird": "^3.4.6",
        "cross-env": "^3.1.2",
        "debug": "^2.2.0"
      }
    },
    "semver": {
      "version": "4.3.6",
      "resolved": "https://registry.npmjs.org/semver/-/semver-4.3.6.tgz",
      "integrity": "sha1-MAvG4OhjdPe6YQaLWx7NV/xlMto="
    },
    "send": {
      "version": "0.13.0",
      "resolved": "https://registry.npmjs.org/send/-/send-0.13.0.tgz",
      "integrity": "sha1-UY+SGusFYK7H3KspkLFM9vPM5d4=",
      "requires": {
        "debug": "~2.2.0",
        "depd": "~1.0.1",
        "destroy": "1.0.3",
        "escape-html": "1.0.2",
        "etag": "~1.7.0",
        "fresh": "0.3.0",
        "http-errors": "~1.3.1",
        "mime": "1.3.4",
        "ms": "0.7.1",
        "on-finished": "~2.3.0",
        "range-parser": "~1.0.2",
        "statuses": "~1.2.1"
      }
    },
    "sequelize": {
      "version": "3.30.2",
      "resolved": "https://registry.npmjs.org/sequelize/-/sequelize-3.30.2.tgz",
      "integrity": "sha1-j7WldpoBd3RRWTkkCS+dMGHrk18=",
      "requires": {
        "bluebird": "^3.3.4",
        "depd": "^1.1.0",
        "dottie": "^1.0.0",
        "generic-pool": "2.4.2",
        "inflection": "^1.6.0",
        "lodash": "4.12.0",
        "moment": "^2.13.0",
        "moment-timezone": "^0.5.4",
        "retry-as-promised": "^2.0.0",
        "semver": "^5.0.1",
        "shimmer": "1.1.0",
        "terraformer-wkt-parser": "^1.1.0",
        "toposort-class": "^1.0.1",
        "uuid": "^3.0.0",
        "validator": "^5.2.0",
        "wkx": "0.2.0"
      },
      "dependencies": {
        "depd": {
          "version": "1.1.0",
          "resolved": "https://registry.npmjs.org/depd/-/depd-1.1.0.tgz",
          "integrity": "sha1-4b2Cxqq2ztlluXuIsX7T5SjKGMM="
        },
        "semver": {
          "version": "5.3.0",
          "resolved": "https://registry.npmjs.org/semver/-/semver-5.3.0.tgz",
          "integrity": "sha1-myzl094C0XxgEq0yaqa00M9U+U8="
        }
      }
    },
    "serve-static": {
      "version": "1.10.3",
      "resolved": "https://registry.npmjs.org/serve-static/-/serve-static-1.10.3.tgz",
      "integrity": "sha1-zlpuzTEB/tXsCYJ9rCKpwpv7BTU=",
      "requires": {
        "escape-html": "~1.0.3",
        "parseurl": "~1.3.1",
        "send": "0.13.2"
      },
      "dependencies": {
        "depd": {
          "version": "1.1.0",
          "resolved": "https://registry.npmjs.org/depd/-/depd-1.1.0.tgz",
          "integrity": "sha1-4b2Cxqq2ztlluXuIsX7T5SjKGMM="
        },
        "destroy": {
          "version": "1.0.4",
          "resolved": "https://registry.npmjs.org/destroy/-/destroy-1.0.4.tgz",
          "integrity": "sha1-l4hXRCxEdJ5CBmE+N5RiBYJqvYA="
        },
        "escape-html": {
          "version": "1.0.3",
          "resolved": "https://registry.npmjs.org/escape-html/-/escape-html-1.0.3.tgz",
          "integrity": "sha1-Aljq5NPQwJdN4cFpGI7wBR0dGYg="
        },
        "send": {
          "version": "0.13.2",
          "resolved": "https://registry.npmjs.org/send/-/send-0.13.2.tgz",
          "integrity": "sha1-dl52B8gFVFK7pvCwUllTUJhgNt4=",
          "requires": {
            "debug": "~2.2.0",
            "depd": "~1.1.0",
            "destroy": "~1.0.4",
            "escape-html": "~1.0.3",
            "etag": "~1.7.0",
            "fresh": "0.3.0",
            "http-errors": "~1.3.1",
            "mime": "1.3.4",
            "ms": "0.7.1",
            "on-finished": "~2.3.0",
            "range-parser": "~1.0.3",
            "statuses": "~1.2.1"
          }
        }
      }
    },
    "shebang-command": {
      "version": "1.2.0",
      "resolved": "https://registry.npmjs.org/shebang-command/-/shebang-command-1.2.0.tgz",
      "integrity": "sha1-RKrGW2lbAzmJaMOfNj/uXer98eo=",
      "requires": {
        "shebang-regex": "^1.0.0"
      }
    },
    "shebang-regex": {
      "version": "1.0.0",
      "resolved": "https://registry.npmjs.org/shebang-regex/-/shebang-regex-1.0.0.tgz",
      "integrity": "sha1-2kL0l0DAtC2yypcoVxyxkMmO/qM="
    },
    "shimmer": {
      "version": "1.1.0",
      "resolved": "https://registry.npmjs.org/shimmer/-/shimmer-1.1.0.tgz",
      "integrity": "sha1-l9c3cTf/u6tCVSLkKf4KqJpIizU="
    },
    "split": {
      "version": "0.3.3",
      "resolved": "https://registry.npmjs.org/split/-/split-0.3.3.tgz",
      "integrity": "sha1-zQ7qXmOiEd//frDwkcQTPi0N0o8=",
      "requires": {
        "through": "2"
      }
    },
    "statuses": {
      "version": "1.2.1",
      "resolved": "https://registry.npmjs.org/statuses/-/statuses-1.2.1.tgz",
      "integrity": "sha1-3e1FzBglbVHtQK7BQkidXGECbSg="
    },
    "terraformer": {
      "version": "1.0.7",
      "resolved": "https://registry.npmjs.org/terraformer/-/terraformer-1.0.7.tgz",
      "integrity": "sha1-2KGaVvvyWWbqBi0h9RW5NYlwLWk="
    },
    "terraformer-wkt-parser": {
      "version": "1.1.2",
      "resolved": "https://registry.npmjs.org/terraformer-wkt-parser/-/terraformer-wkt-parser-1.1.2.tgz",
      "integrity": "sha1-M2oMj8gglKWv+DKI9prt7NNpvww=",
      "requires": {
        "terraformer": "~1.0.5"
      }
    },
    "through": {
      "version": "2.3.8",
      "resolved": "https://registry.npmjs.org/through/-/through-2.3.8.tgz",
      "integrity": "sha1-DdTJ/6q8NXlgsbckEV1+Doai4fU="
    },
    "toposort-class": {
      "version": "1.0.1",
      "resolved": "https://registry.npmjs.org/toposort-class/-/toposort-class-1.0.1.tgz",
      "integrity": "sha1-f/0feMi+KMO6Rc1OGj9e4ZO9mYg="
    },
    "type-is": {
      "version": "1.6.13",
      "resolved": "https://registry.npmjs.org/type-is/-/type-is-1.6.13.tgz",
      "integrity": "sha1-boO6e8MM0zp7sLf7AHN6IIW/nQg=",
      "requires": {
        "media-typer": "0.3.0",
        "mime-types": "~2.1.11"
      }
    },
    "unpipe": {
      "version": "1.0.0",
      "resolved": "https://registry.npmjs.org/unpipe/-/unpipe-1.0.0.tgz",
      "integrity": "sha1-sr9O6FFKrmFltIF4KdIbLvSZBOw="
    },
    "utils-merge": {
      "version": "1.0.0",
      "resolved": "https://registry.npmjs.org/utils-merge/-/utils-merge-1.0.0.tgz",
      "integrity": "sha1-ApT7kiu5N1FTVBxPcJYjHyh8ivg="
    },
    "uuid": {
      "version": "3.0.1",
      "resolved": "https://registry.npmjs.org/uuid/-/uuid-3.0.1.tgz",
      "integrity": "sha1-ZUS7ot/ajBzxfmKaOjBeK7H+5sE="
    },
    "validator": {
      "version": "5.7.0",
      "resolved": "https://registry.npmjs.org/validator/-/validator-5.7.0.tgz",
      "integrity": "sha1-eoelgUa2laxIYHEUHAxJ1n2gXlw="
    },
    "vary": {
      "version": "1.0.1",
      "resolved": "https://registry.npmjs.org/vary/-/vary-1.0.1.tgz",
      "integrity": "sha1-meSYFWaihhGN+yuBc1ffeZM3bRA="
    },
    "which": {
      "version": "1.2.12",
      "resolved": "https://registry.npmjs.org/which/-/which-1.2.12.tgz",
      "integrity": "sha1-3me15FAmnxlJCe8j7OTr5Bb6EZI=",
      "requires": {
        "isexe": "^1.1.1"
      }
    },
    "wkx": {
      "version": "0.2.0",
      "resolved": "https://registry.npmjs.org/wkx/-/wkx-0.2.0.tgz",
      "integrity": "sha1-dsJPFqzQzY+TzTSqMx4PeWElboQ="
    },
    "xtend": {
      "version": "4.0.1",
      "resolved": "https://registry.npmjs.org/xtend/-/xtend-4.0.1.tgz",
      "integrity": "sha1-pcbVMr5lbiPbgg77lDofBJmNY68="
    },
    "yallist": {
      "version": "2.0.0",
      "resolved": "https://registry.npmjs.org/yallist/-/yallist-2.0.0.tgz",
      "integrity": "sha1-MGxUODXwnuGkyyO3vOmrNByRzdQ="
    }
  }
}
